
Microsoft Visual Studio Solution File, Format Version 12.00
# Visual Studio Version 16
VisualStudioVersion = 16.0.30204.135
MinimumVisualStudioVersion = 10.0.40219.1
Project("{FAE04EC0-301F-11D3-BF4B-00C04F79EFBC}") = "MobileAppImageResizer", "MobileAppImageResizer\MobileAppImageResizer.csproj", "{6CC8A3E8-C65E-4BB4-AB12-F1E07B8BF9F8}"
EndProject
Global
	GlobalSection(SolutionConfigurationPlatforms) = preSolution
		Debug|Any CPU = Debug|Any CPU
		Release|Any CPU = Release|Any CPU
	EndGlobalSection
	GlobalSection(ProjectConfigurationPlatforms) = postSolution
		{6CC8A3E8-C65E-4BB4-AB12-F1E07B8BF9F8}.Debug|Any CPU.ActiveCfg = Debug|Any CPU
		{6CC8A3E8-C65E-4BB4-AB12-F1E07B8BF9F8}.Debug|Any CPU.Build.0 = Debug|Any CPU
		{6CC8A3E8-C65E-4BB4-AB12-F1E07B8BF9F8}.Release|Any CPU.ActiveCfg = Release|Any CPU
		{6CC8A3E8-C65E-4BB4-AB12-F1E07B8BF9F8}.Release|Any CPU.Build.0 = Release|Any CPU
	EndGlobalSection
	GlobalSection(SolutionProperties) = preSolution
		HideSolutionNode = FALSE
	EndGlobalSection
	GlobalSection(ExtensibilityGlobals) = postSolution
		SolutionGuid = {9380E325-B426-4CAB-8C51-A9306283EA3C}
	EndGlobalSection
EndGlobal
